{
  "name": "@100xdevs/medium-commons",
  "version": "1.0.0",
  "lockfileVersion": 3,
  "requires": true,
  "packages": {
    "": {
      "name": "@100xdevs/medium-commons",
      "version": "1.0.0",
      "license": "ISC",
      "dependencies": {
        "@100xdevs/medium-common": "^1.0.0",
        "zod": "^3.22.4"
      }
    },
    "node_modules/@100xdevs/medium-common": {
      "version": "1.0.0",
      "resolved": "https://registry.npmjs.org/@100xdevs/medium-common/-/medium-common-1.0.0.tgz",
      "integrity": "sha512-HTK33afs+NxNIhnswObs/b5e2WMR+cmZis+r1U2ejsUiBHZDa/+rqhbVA/HlUpIp80J7Dt8rNP3SOO7d/U5OTA==",
      "dependencies": {
        "zod": "^3.22.4"
      }
    },
    "node_modules/zod": {
      "version": "3.22.4",
      "resolved": "https://registry.npmjs.org/zod/-/zod-3.22.4.tgz",
      "integrity": "sha512-iC+8Io04lddc+mVqQ9AZ7OQ2MrUKGN+oIQyq1vemgt46jwCwLfhq7/pwnBnNXXXZb8VTVLKwp9EDkx+ryxIWmg==",
      "funding": {
        "url": "https://github.com/sponsors/colinhacks"
      }
    }
  }
}
